
Microsoft Visual Studio Solution File, Format Version 12.00
# Visual Studio 15
VisualStudioVersion = 15.0.28307.168
MinimumVisualStudioVersion = 10.0.40219.1
Project("{9A19103F-16F7-4668-BE54-9A1E7A4F7556}") = "Apollo", "Apollo\Apollo.csproj", "{5867C3B9-7703-4BF4-A893-B5FA8825038C}"
EndProject
Global
	GlobalSection(SolutionConfigurationPlatforms) = preSolution
		Debug|Any CPU = Debug|Any CPU
		Release|Any CPU = Release|Any CPU
	EndGlobalSection
	GlobalSection(ProjectConfigurationPlatforms) = postSolution
		{5867C3B9-7703-4BF4-A893-B5FA8825038C}.Debug|Any CPU.ActiveCfg = Debug|Any CPU
		{5867C3B9-7703-4BF4-A893-B5FA8825038C}.Debug|Any CPU.Build.0 = Debug|Any CPU
		{5867C3B9-7703-4BF4-A893-B5FA8825038C}.Release|Any CPU.ActiveCfg = Release|Any CPU
		{5867C3B9-7703-4BF4-A893-B5FA8825038C}.Release|Any CPU.Build.0 = Release|Any CPU
	EndGlobalSection
	GlobalSection(SolutionProperties) = preSolution
		HideSolutionNode = FALSE
	EndGlobalSection
	GlobalSection(ExtensibilityGlobals) = postSolution
		SolutionGuid = {60A244BD-F06E-4551-B7FE-088138514627}
	EndGlobalSection
EndGlobal
